
Microsoft Visual Studio Solution File, Format Version 12.00
# Visual Studio Version 17
VisualStudioVersion = 17.9.34728.123
MinimumVisualStudioVersion = 10.0.40219.1
Project("{FAE04EC0-301F-11D3-BF4B-00C04F79EFBC}") = "Server", "Server\Server.csproj", "{B9178C0D-780B-428D-A735-8087931A5613}"
EndProject
Global
	GlobalSection(SolutionConfigurationPlatforms) = preSolution
		Debug|Any CPU = Debug|Any CPU
		Release|Any CPU = Release|Any CPU
	EndGlobalSection
	GlobalSection(ProjectConfigurationPlatforms) = postSolution
		{B9178C0D-780B-428D-A735-8087931A5613}.Debug|Any CPU.ActiveCfg = Debug|Any CPU
		{B9178C0D-780B-428D-A735-8087931A5613}.Debug|Any CPU.Build.0 = Debug|Any CPU
		{B9178C0D-780B-428D-A735-8087931A5613}.Release|Any CPU.ActiveCfg = Release|Any CPU
		{B9178C0D-780B-428D-A735-8087931A5613}.Release|Any CPU.Build.0 = Release|Any CPU
	EndGlobalSection
	GlobalSection(SolutionProperties) = preSolution
		HideSolutionNode = FALSE
	EndGlobalSection
	GlobalSection(ExtensibilityGlobals) = postSolution
		SolutionGuid = {18BC9884-A8CD-4E09-A8DC-4D2AAD1A5738}
	EndGlobalSection
EndGlobal
